
Microsoft Visual Studio Solution File, Format Version 12.00
# Visual Studio Version 16
VisualStudioVersion = 16.0.29911.84
MinimumVisualStudioVersion = 10.0.40219.1
Project("{FAE04EC0-301F-11D3-BF4B-00C04F79EFBC}") = "Monotonless", "Monotonless\Monotonless.csproj", "{C9C6EE42-453E-48F5-96C0-25869BF495D2}"
EndProject
Project("{FAE04EC0-301F-11D3-BF4B-00C04F79EFBC}") = "Monotonless.Interfaces", "Monotonless.Interfaces\Monotonless.Interfaces.csproj", "{E5FCC77B-3FFD-46AE-B2E1-BF81579ECE5C}"
EndProject
Global
	GlobalSection(SolutionConfigurationPlatforms) = preSolution
		Debug|Any CPU = Debug|Any CPU
		Release|Any CPU = Release|Any CPU
	EndGlobalSection
	GlobalSection(ProjectConfigurationPlatforms) = postSolution
		{C9C6EE42-453E-48F5-96C0-25869BF495D2}.Debug|Any CPU.ActiveCfg = Debug|Any CPU
		{C9C6EE42-453E-48F5-96C0-25869BF495D2}.Debug|Any CPU.Build.0 = Debug|Any CPU
		{C9C6EE42-453E-48F5-96C0-25869BF495D2}.Release|Any CPU.ActiveCfg = Release|Any CPU
		{C9C6EE42-453E-48F5-96C0-25869BF495D2}.Release|Any CPU.Build.0 = Release|Any CPU
		{E5FCC77B-3FFD-46AE-B2E1-BF81579ECE5C}.Debug|Any CPU.ActiveCfg = Debug|Any CPU
		{E5FCC77B-3FFD-46AE-B2E1-BF81579ECE5C}.Debug|Any CPU.Build.0 = Debug|Any CPU
		{E5FCC77B-3FFD-46AE-B2E1-BF81579ECE5C}.Release|Any CPU.ActiveCfg = Release|Any CPU
		{E5FCC77B-3FFD-46AE-B2E1-BF81579ECE5C}.Release|Any CPU.Build.0 = Release|Any CPU
	EndGlobalSection
	GlobalSection(SolutionProperties) = preSolution
		HideSolutionNode = FALSE
	EndGlobalSection
	GlobalSection(ExtensibilityGlobals) = postSolution
		SolutionGuid = {82593AFB-0C67-4E22-981F-7DE3DE837C16}
	EndGlobalSection
EndGlobal
